
Microsoft Visual Studio Solution File, Format Version 12.00
# Visual Studio Version 16
VisualStudioVersion = 16.0.30907.101
MinimumVisualStudioVersion = 10.0.40219.1
Project("{FAE04EC0-301F-11D3-BF4B-00C04F79EFBC}") = "SegundoParcial", "SegundoParcial\SegundoParcial.csproj", "{1C22BE5A-63EE-4EA2-9FB4-5196BFB201DF}"
EndProject
Project("{FAE04EC0-301F-11D3-BF4B-00C04F79EFBC}") = "SegundoParcial2", "SegundoParcial2\SegundoParcial2.csproj", "{67E5BCEB-B6F5-4745-BF15-071CA8AFA943}"
EndProject
Global
	GlobalSection(SolutionConfigurationPlatforms) = preSolution
		Debug|Any CPU = Debug|Any CPU
		Release|Any CPU = Release|Any CPU
	EndGlobalSection
	GlobalSection(ProjectConfigurationPlatforms) = postSolution
		{1C22BE5A-63EE-4EA2-9FB4-5196BFB201DF}.Debug|Any CPU.ActiveCfg = Debug|Any CPU
		{1C22BE5A-63EE-4EA2-9FB4-5196BFB201DF}.Debug|Any CPU.Build.0 = Debug|Any CPU
		{1C22BE5A-63EE-4EA2-9FB4-5196BFB201DF}.Release|Any CPU.ActiveCfg = Release|Any CPU
		{1C22BE5A-63EE-4EA2-9FB4-5196BFB201DF}.Release|Any CPU.Build.0 = Release|Any CPU
		{67E5BCEB-B6F5-4745-BF15-071CA8AFA943}.Debug|Any CPU.ActiveCfg = Debug|Any CPU
		{67E5BCEB-B6F5-4745-BF15-071CA8AFA943}.Debug|Any CPU.Build.0 = Debug|Any CPU
		{67E5BCEB-B6F5-4745-BF15-071CA8AFA943}.Release|Any CPU.ActiveCfg = Release|Any CPU
		{67E5BCEB-B6F5-4745-BF15-071CA8AFA943}.Release|Any CPU.Build.0 = Release|Any CPU
	EndGlobalSection
	GlobalSection(SolutionProperties) = preSolution
		HideSolutionNode = FALSE
	EndGlobalSection
	GlobalSection(ExtensibilityGlobals) = postSolution
		SolutionGuid = {45556E5B-EFAC-4A16-94DD-5785961CB8EB}
	EndGlobalSection
EndGlobal
